// !$*UTF8*$!
{
	archiveVersion = 1;
	classes = {
	};
	objectVersion = 51;
	objects = {

/* Begin PBXBuildFile section */
		955D6B07317B434CAA496F50 /* Pods_PhotoCollectionTests.framework in Frameworks */ = {isa = PBXBuildFile; fileRef = FE8A7129A3C7E2DB5E2DD123 /* Pods_PhotoCollectionTests.framework */; };
		A0310AF0D5DEAC2B67B409A6 /* Pods_PhotoCollection.framework in Frameworks */ = {isa = PBXBuildFile; fileRef = 9AF59F64C283D4C1223BC7BB /* Pods_PhotoCollection.framework */; };
		C20D380724BDB12F007B38EB /* APIService.swift in Sources */ = {isa = PBXBuildFile; fileRef = C20D380624BDB12F007B38EB /* APIService.swift */; };
		C20D380B24BDB2EC007B38EB /* Requestable.swift in Sources */ = {isa = PBXBuildFile; fileRef = C20D380A24BDB2EC007B38EB /* Requestable.swift */; };
		C20D380D24BDB359007B38EB /* APIServiceInterface.swift in Sources */ = {isa = PBXBuildFile; fileRef = C20D380C24BDB359007B38EB /* APIServiceInterface.swift */; };
		C20D381024BDDF60007B38EB /* RequestURLCache.swift in Sources */ = {isa = PBXBuildFile; fileRef = C20D380F24BDDF60007B38EB /* RequestURLCache.swift */; };
		C20D381224BDF6CD007B38EB /* DiskURLCache.swift in Sources */ = {isa = PBXBuildFile; fileRef = C20D381124BDF6CD007B38EB /* DiskURLCache.swift */; };
		C20D381424BDF6EA007B38EB /* URLCacheable.swift in Sources */ = {isa = PBXBuildFile; fileRef = C20D381324BDF6EA007B38EB /* URLCacheable.swift */; };
		C20D381624BE4268007B38EB /* PhotoListRepository.swift in Sources */ = {isa = PBXBuildFile; fileRef = C20D381524BE4268007B38EB /* PhotoListRepository.swift */; };
		C20D381924BE4355007B38EB /* Photo.swift in Sources */ = {isa = PBXBuildFile; fileRef = C20D381824BE4355007B38EB /* Photo.swift */; };
		C20D381B24BE4952007B38EB /* APIResponse.swift in Sources */ = {isa = PBXBuildFile; fileRef = C20D381A24BE4952007B38EB /* APIResponse.swift */; };
		C20D381D24BE5156007B38EB /* Request.swift in Sources */ = {isa = PBXBuildFile; fileRef = C20D381C24BE5156007B38EB /* Request.swift */; };
		C20D381F24BE5281007B38EB /* RequestEncoding.swift in Sources */ = {isa = PBXBuildFile; fileRef = C20D381E24BE5281007B38EB /* RequestEncoding.swift */; };
		C20D382124BE5485007B38EB /* URLFormable.swift in Sources */ = {isa = PBXBuildFile; fileRef = C20D382024BE5485007B38EB /* URLFormable.swift */; };
		C20D382324BE54C5007B38EB /* APIServiceError.swift in Sources */ = {isa = PBXBuildFile; fileRef = C20D382224BE54C5007B38EB /* APIServiceError.swift */; };
		C20D382624BE55C6007B38EB /* URLRequest+RequestMethod.swift in Sources */ = {isa = PBXBuildFile; fileRef = C20D382524BE55C6007B38EB /* URLRequest+RequestMethod.swift */; };
		C20D382824BE58C5007B38EB /* APIEndpoint.swift in Sources */ = {isa = PBXBuildFile; fileRef = C20D382724BE58C5007B38EB /* APIEndpoint.swift */; };
		C20D382A24BE6417007B38EB /* CacheURLResponse+Decodable.swift in Sources */ = {isa = PBXBuildFile; fileRef = C20D382924BE6417007B38EB /* CacheURLResponse+Decodable.swift */; };
		C20D382D24BEBECE007B38EB /* PhotoListViewModel.swift in Sources */ = {isa = PBXBuildFile; fileRef = C20D382C24BEBECD007B38EB /* PhotoListViewModel.swift */; };
		C20D382F24BEC0F0007B38EB /* PhotoViewModel.swift in Sources */ = {isa = PBXBuildFile; fileRef = C20D382E24BEC0F0007B38EB /* PhotoViewModel.swift */; };
		C2C4675D24BD995A001C6778 /* AppDelegate.swift in Sources */ = {isa = PBXBuildFile; fileRef = C2C4675C24BD995A001C6778 /* AppDelegate.swift */; };
		C2C4676124BD995A001C6778 /* PhotoListViewController.swift in Sources */ = {isa = PBXBuildFile; fileRef = C2C4676024BD995A001C6778 /* PhotoListViewController.swift */; };
		C2C4676424BD995A001C6778 /* Main.storyboard in Resources */ = {isa = PBXBuildFile; fileRef = C2C4676224BD995A001C6778 /* Main.storyboard */; };
		C2C4676624BD995B001C6778 /* Assets.xcassets in Resources */ = {isa = PBXBuildFile; fileRef = C2C4676524BD995B001C6778 /* Assets.xcassets */; };
		C2C4676924BD995B001C6778 /* LaunchScreen.storyboard in Resources */ = {isa = PBXBuildFile; fileRef = C2C4676724BD995B001C6778 /* LaunchScreen.storyboard */; };
		C2C4677424BD995C001C6778 /* PhotoCollectionTests.swift in Sources */ = {isa = PBXBuildFile; fileRef = C2C4677324BD995C001C6778 /* PhotoCollectionTests.swift */; };
/* End PBXBuildFile section */

/* Begin PBXContainerItemProxy section */
		C2C4677024BD995C001C6778 /* PBXContainerItemProxy */ = {
			isa = PBXContainerItemProxy;
			containerPortal = C2C4675124BD995A001C6778 /* Project object */;
			proxyType = 1;
			remoteGlobalIDString = C2C4675824BD995A001C6778;
			remoteInfo = PhotoCollection;
		};
/* End PBXContainerItemProxy section */

/* Begin PBXFileReference section */
		00D1AE1746AC0DA21C87B9BD /* Pods-PhotoCollectionTests.debug.xcconfig */ = {isa = PBXFileReference; includeInIndex = 1; lastKnownFileType = text.xcconfig; name = "Pods-PhotoCollectionTests.debug.xcconfig"; path = "Target Support Files/Pods-PhotoCollectionTests/Pods-PhotoCollectionTests.debug.xcconfig"; sourceTree = "<group>"; };
		3DED73A42FBF2B2096C312F9 /* Pods-PhotoCollection.release.xcconfig */ = {isa = PBXFileReference; includeInIndex = 1; lastKnownFileType = text.xcconfig; name = "Pods-PhotoCollection.release.xcconfig"; path = "Target Support Files/Pods-PhotoCollection/Pods-PhotoCollection.release.xcconfig"; sourceTree = "<group>"; };
		9AF59F64C283D4C1223BC7BB /* Pods_PhotoCollection.framework */ = {isa = PBXFileReference; explicitFileType = wrapper.framework; includeInIndex = 0; path = Pods_PhotoCollection.framework; sourceTree = BUILT_PRODUCTS_DIR; };
		B8EEE45396393A0A2E78F5DD /* Pods-PhotoCollection.debug.xcconfig */ = {isa = PBXFileReference; includeInIndex = 1; lastKnownFileType = text.xcconfig; name = "Pods-PhotoCollection.debug.xcconfig"; path = "Target Support Files/Pods-PhotoCollection/Pods-PhotoCollection.debug.xcconfig"; sourceTree = "<group>"; };
		C20D380624BDB12F007B38EB /* APIService.swift */ = {isa = PBXFileReference; lastKnownFileType = sourcecode.swift; path = APIService.swift; sourceTree = "<group>"; };
		C20D380A24BDB2EC007B38EB /* Requestable.swift */ = {isa = PBXFileReference; lastKnownFileType = sourcecode.swift; path = Requestable.swift; sourceTree = "<group>"; };
		C20D380C24BDB359007B38EB /* APIServiceInterface.swift */ = {isa = PBXFileReference; lastKnownFileType = sourcecode.swift; path = APIServiceInterface.swift; sourceTree = "<group>"; };
		C20D380F24BDDF60007B38EB /* RequestURLCache.swift */ = {isa = PBXFileReference; lastKnownFileType = sourcecode.swift; path = RequestURLCache.swift; sourceTree = "<group>"; };
		C20D381124BDF6CD007B38EB /* DiskURLCache.swift */ = {isa = PBXFileReference; lastKnownFileType = sourcecode.swift; path = DiskURLCache.swift; sourceTree = "<group>"; };
		C20D381324BDF6EA007B38EB /* URLCacheable.swift */ = {isa = PBXFileReference; lastKnownFileType = sourcecode.swift; path = URLCacheable.swift; sourceTree = "<group>"; };
		C20D381524BE4268007B38EB /* PhotoListRepository.swift */ = {isa = PBXFileReference; lastKnownFileType = sourcecode.swift; path = PhotoListRepository.swift; sourceTree = "<group>"; };
		C20D381824BE4355007B38EB /* Photo.swift */ = {isa = PBXFileReference; lastKnownFileType = sourcecode.swift; path = Photo.swift; sourceTree = "<group>"; };
		C20D381A24BE4952007B38EB /* APIResponse.swift */ = {isa = PBXFileReference; lastKnownFileType = sourcecode.swift; path = APIResponse.swift; sourceTree = "<group>"; };
		C20D381C24BE5156007B38EB /* Request.swift */ = {isa = PBXFileReference; lastKnownFileType = sourcecode.swift; path = Request.swift; sourceTree = "<group>"; };
		C20D381E24BE5281007B38EB /* RequestEncoding.swift */ = {isa = PBXFileReference; lastKnownFileType = sourcecode.swift; path = RequestEncoding.swift; sourceTree = "<group>"; };
		C20D382024BE5485007B38EB /* URLFormable.swift */ = {isa = PBXFileReference; lastKnownFileType = sourcecode.swift; path = URLFormable.swift; sourceTree = "<group>"; };
		C20D382224BE54C5007B38EB /* APIServiceError.swift */ = {isa = PBXFileReference; lastKnownFileType = sourcecode.swift; path = APIServiceError.swift; sourceTree = "<group>"; };
		C20D382524BE55C6007B38EB /* URLRequest+RequestMethod.swift */ = {isa = PBXFileReference; lastKnownFileType = sourcecode.swift; path = "URLRequest+RequestMethod.swift"; sourceTree = "<group>"; };
		C20D382724BE58C5007B38EB /* APIEndpoint.swift */ = {isa = PBXFileReference; lastKnownFileType = sourcecode.swift; path = APIEndpoint.swift; sourceTree = "<group>"; };
		C20D382924BE6417007B38EB /* CacheURLResponse+Decodable.swift */ = {isa = PBXFileReference; lastKnownFileType = sourcecode.swift; path = "CacheURLResponse+Decodable.swift"; sourceTree = "<group>"; };
		C20D382C24BEBECD007B38EB /* PhotoListViewModel.swift */ = {isa = PBXFileReference; lastKnownFileType = sourcecode.swift; path = PhotoListViewModel.swift; sourceTree = "<group>"; };
		C20D382E24BEC0F0007B38EB /* PhotoViewModel.swift */ = {isa = PBXFileReference; lastKnownFileType = sourcecode.swift; path = PhotoViewModel.swift; sourceTree = "<group>"; };
		C2C4675924BD995A001C6778 /* PhotoCollection.app */ = {isa = PBXFileReference; explicitFileType = wrapper.application; includeInIndex = 0; path = PhotoCollection.app; sourceTree = BUILT_PRODUCTS_DIR; };
		C2C4675C24BD995A001C6778 /* AppDelegate.swift */ = {isa = PBXFileReference; lastKnownFileType = sourcecode.swift; path = AppDelegate.swift; sourceTree = "<group>"; };
		C2C4676024BD995A001C6778 /* PhotoListViewController.swift */ = {isa = PBXFileReference; lastKnownFileType = sourcecode.swift; path = PhotoListViewController.swift; sourceTree = "<group>"; };
		C2C4676324BD995A001C6778 /* Base */ = {isa = PBXFileReference; lastKnownFileType = file.storyboard; name = Base; path = Base.lproj/Main.storyboard; sourceTree = "<group>"; };
		C2C4676524BD995B001C6778 /* Assets.xcassets */ = {isa = PBXFileReference; lastKnownFileType = folder.assetcatalog; path = Assets.xcassets; sourceTree = "<group>"; };
		C2C4676824BD995B001C6778 /* Base */ = {isa = PBXFileReference; lastKnownFileType = file.storyboard; name = Base; path = Base.lproj/LaunchScreen.storyboard; sourceTree = "<group>"; };
		C2C4676A24BD995B001C6778 /* Info.plist */ = {isa = PBXFileReference; lastKnownFileType = text.plist.xml; path = Info.plist; sourceTree = "<group>"; };
		C2C4676F24BD995C001C6778 /* PhotoCollectionTests.xctest */ = {isa = PBXFileReference; explicitFileType = wrapper.cfbundle; includeInIndex = 0; path = PhotoCollectionTests.xctest; sourceTree = BUILT_PRODUCTS_DIR; };
		C2C4677324BD995C001C6778 /* PhotoCollectionTests.swift */ = {isa = PBXFileReference; lastKnownFileType = sourcecode.swift; path = PhotoCollectionTests.swift; sourceTree = "<group>"; };
		C2C4677524BD995C001C6778 /* Info.plist */ = {isa = PBXFileReference; lastKnownFileType = text.plist.xml; path = Info.plist; sourceTree = "<group>"; };
		C76C404E017D86C11D7D42D4 /* Pods-PhotoCollectionTests.release.xcconfig */ = {isa = PBXFileReference; includeInIndex = 1; lastKnownFileType = text.xcconfig; name = "Pods-PhotoCollectionTests.release.xcconfig"; path = "Target Support Files/Pods-PhotoCollectionTests/Pods-PhotoCollectionTests.release.xcconfig"; sourceTree = "<group>"; };
		FE8A7129A3C7E2DB5E2DD123 /* Pods_PhotoCollectionTests.framework */ = {isa = PBXFileReference; explicitFileType = wrapper.framework; includeInIndex = 0; path = Pods_PhotoCollectionTests.framework; sourceTree = BUILT_PRODUCTS_DIR; };
/* End PBXFileReference section */

/* Begin PBXFrameworksBuildPhase section */
		C2C4675624BD995A001C6778 /* Frameworks */ = {
			isa = PBXFrameworksBuildPhase;
			buildActionMask = 2147483647;
			files = (
				A0310AF0D5DEAC2B67B409A6 /* Pods_PhotoCollection.framework in Frameworks */,
			);
			runOnlyForDeploymentPostprocessing = 0;
		};
		C2C4676C24BD995C001C6778 /* Frameworks */ = {
			isa = PBXFrameworksBuildPhase;
			buildActionMask = 2147483647;
			files = (
				955D6B07317B434CAA496F50 /* Pods_PhotoCollectionTests.framework in Frameworks */,
			);
			runOnlyForDeploymentPostprocessing = 0;
		};
/* End PBXFrameworksBuildPhase section */

/* Begin PBXGroup section */
		0E1E16493A175A784F34C46C /* Pods */ = {
			isa = PBXGroup;
			children = (
				B8EEE45396393A0A2E78F5DD /* Pods-PhotoCollection.debug.xcconfig */,
				3DED73A42FBF2B2096C312F9 /* Pods-PhotoCollection.release.xcconfig */,
				00D1AE1746AC0DA21C87B9BD /* Pods-PhotoCollectionTests.debug.xcconfig */,
				C76C404E017D86C11D7D42D4 /* Pods-PhotoCollectionTests.release.xcconfig */,
			);
			path = Pods;
			sourceTree = "<group>";
		};
		13AE67C394AAF28B21947A12 /* Frameworks */ = {
			isa = PBXGroup;
			children = (
				9AF59F64C283D4C1223BC7BB /* Pods_PhotoCollection.framework */,
				FE8A7129A3C7E2DB5E2DD123 /* Pods_PhotoCollectionTests.framework */,
			);
			name = Frameworks;
			sourceTree = "<group>";
		};
		C20D380924BDB2D9007B38EB /* Protocols */ = {
			isa = PBXGroup;
			children = (
				C20D380A24BDB2EC007B38EB /* Requestable.swift */,
				C20D381324BDF6EA007B38EB /* URLCacheable.swift */,
				C20D380C24BDB359007B38EB /* APIServiceInterface.swift */,
				C20D382024BE5485007B38EB /* URLFormable.swift */,
			);
			name = Protocols;
			sourceTree = "<group>";
		};
		C20D380E24BDDF38007B38EB /* Foundation */ = {
			isa = PBXGroup;
			children = (
				C20D380F24BDDF60007B38EB /* RequestURLCache.swift */,
				C20D381124BDF6CD007B38EB /* DiskURLCache.swift */,
				C20D381524BE4268007B38EB /* PhotoListRepository.swift */,
				C20D381A24BE4952007B38EB /* APIResponse.swift */,
				C20D381C24BE5156007B38EB /* Request.swift */,
				C20D381E24BE5281007B38EB /* RequestEncoding.swift */,
				C20D380624BDB12F007B38EB /* APIService.swift */,
				C20D382224BE54C5007B38EB /* APIServiceError.swift */,
				C20D382724BE58C5007B38EB /* APIEndpoint.swift */,
			);
			name = Foundation;
			sourceTree = "<group>";
		};
		C20D381724BE4343007B38EB /* Models */ = {
			isa = PBXGroup;
			children = (
				C20D381824BE4355007B38EB /* Photo.swift */,
			);
			name = Models;
			sourceTree = "<group>";
		};
		C20D382424BE5584007B38EB /* Extensions */ = {
			isa = PBXGroup;
			children = (
				C20D382524BE55C6007B38EB /* URLRequest+RequestMethod.swift */,
				C20D382924BE6417007B38EB /* CacheURLResponse+Decodable.swift */,
			);
			name = Extensions;
			sourceTree = "<group>";
		};
		C20D382B24BEBEBB007B38EB /* View Models */ = {
			isa = PBXGroup;
			children = (
				C20D382C24BEBECD007B38EB /* PhotoListViewModel.swift */,
				C20D382E24BEC0F0007B38EB /* PhotoViewModel.swift */,
			);
			name = "View Models";
			sourceTree = "<group>";
		};
		C2C4675024BD995A001C6778 = {
			isa = PBXGroup;
			children = (
				C2C4675B24BD995A001C6778 /* PhotoCollection */,
				C2C4677224BD995C001C6778 /* PhotoCollectionTests */,
				C2C4675A24BD995A001C6778 /* Products */,
				0E1E16493A175A784F34C46C /* Pods */,
				13AE67C394AAF28B21947A12 /* Frameworks */,
			);
			sourceTree = "<group>";
		};
		C2C4675A24BD995A001C6778 /* Products */ = {
			isa = PBXGroup;
			children = (
				C2C4675924BD995A001C6778 /* PhotoCollection.app */,
				C2C4676F24BD995C001C6778 /* PhotoCollectionTests.xctest */,
			);
			name = Products;
			sourceTree = "<group>";
		};
		C2C4675B24BD995A001C6778 /* PhotoCollection */ = {
			isa = PBXGroup;
			children = (
				C20D382B24BEBEBB007B38EB /* View Models */,
				C20D382424BE5584007B38EB /* Extensions */,
				C20D381724BE4343007B38EB /* Models */,
				C20D380E24BDDF38007B38EB /* Foundation */,
				C20D380924BDB2D9007B38EB /* Protocols */,
				C2C4675C24BD995A001C6778 /* AppDelegate.swift */,
				C2C4676024BD995A001C6778 /* PhotoListViewController.swift */,
				C2C4676224BD995A001C6778 /* Main.storyboard */,
				C2C4676524BD995B001C6778 /* Assets.xcassets */,
				C2C4676724BD995B001C6778 /* LaunchScreen.storyboard */,
				C2C4676A24BD995B001C6778 /* Info.plist */,
			);
			path = PhotoCollection;
			sourceTree = "<group>";
		};
		C2C4677224BD995C001C6778 /* PhotoCollectionTests */ = {
			isa = PBXGroup;
			children = (
				C2C4677324BD995C001C6778 /* PhotoCollectionTests.swift */,
				C2C4677524BD995C001C6778 /* Info.plist */,
			);
			path = PhotoCollectionTests;
			sourceTree = "<group>";
		};
/* End PBXGroup section */

/* Begin PBXNativeTarget section */
		C2C4675824BD995A001C6778 /* PhotoCollection */ = {
			isa = PBXNativeTarget;
			buildConfigurationList = C2C4677824BD995C001C6778 /* Build configuration list for PBXNativeTarget "PhotoCollection" */;
			buildPhases = (
				6E53C2E79EAECFBB3971DE27 /* [CP] Check Pods Manifest.lock */,
				C2C4675524BD995A001C6778 /* Sources */,
				C2C4675624BD995A001C6778 /* Frameworks */,
				C2C4675724BD995A001C6778 /* Resources */,
				8B235473F4044D48412D00C7 /* [CP] Embed Pods Frameworks */,
			);
			buildRules = (
			);
			dependencies = (
			);
			name = PhotoCollection;
			productName = PhotoCollection;
			productReference = C2C4675924BD995A001C6778 /* PhotoCollection.app */;
			productType = "com.apple.product-type.application";
		};
		C2C4676E24BD995C001C6778 /* PhotoCollectionTests */ = {
			isa = PBXNativeTarget;
			buildConfigurationList = C2C4677B24BD995C001C6778 /* Build configuration list for PBXNativeTarget "PhotoCollectionTests" */;
			buildPhases = (
				83EBAE216BE0615F8E666E38 /* [CP] Check Pods Manifest.lock */,
				C2C4676B24BD995C001C6778 /* Sources */,
				C2C4676C24BD995C001C6778 /* Frameworks */,
				C2C4676D24BD995C001C6778 /* Resources */,
			);
			buildRules = (
			);
			dependencies = (
				C2C4677124BD995C001C6778 /* PBXTargetDependency */,
			);
			name = PhotoCollectionTests;
			productName = PhotoCollectionTests;
			productReference = C2C4676F24BD995C001C6778 /* PhotoCollectionTests.xctest */;
			productType = "com.apple.product-type.bundle.unit-test";
		};
/* End PBXNativeTarget section */

/* Begin PBXProject section */
		C2C4675124BD995A001C6778 /* Project object */ = {
			isa = PBXProject;
			attributes = {
				LastSwiftUpdateCheck = 1130;
				LastUpgradeCheck = 1130;
				ORGANIZATIONNAME = "Arjun P A";
				TargetAttributes = {
					C2C4675824BD995A001C6778 = {
						CreatedOnToolsVersion = 11.3.1;
					};
					C2C4676E24BD995C001C6778 = {
						CreatedOnToolsVersion = 11.3.1;
						TestTargetID = C2C4675824BD995A001C6778;
					};
				};
			};
			buildConfigurationList = C2C4675424BD995A001C6778 /* Build configuration list for PBXProject "PhotoCollection" */;
			compatibilityVersion = "Xcode 9.3";
			developmentRegion = en;
			hasScannedForEncodings = 0;
			knownRegions = (
				en,
				Base,
			);
			mainGroup = C2C4675024BD995A001C6778;
			productRefGroup = C2C4675A24BD995A001C6778 /* Products */;
			projectDirPath = "";
			projectRoot = "";
			targets = (
				C2C4675824BD995A001C6778 /* PhotoCollection */,
				C2C4676E24BD995C001C6778 /* PhotoCollectionTests */,
			);
		};
/* End PBXProject section */

/* Begin PBXResourcesBuildPhase section */
		C2C4675724BD995A001C6778 /* Resources */ = {
			isa = PBXResourcesBuildPhase;
			buildActionMask = 2147483647;
			files = (
				C2C4676924BD995B001C6778 /* LaunchScreen.storyboard in Resources */,
				C2C4676624BD995B001C6778 /* Assets.xcassets in Resources */,
				C2C4676424BD995A001C6778 /* Main.storyboard in Resources */,
			);
			runOnlyForDeploymentPostprocessing = 0;
		};
		C2C4676D24BD995C001C6778 /* Resources */ = {
			isa = PBXResourcesBuildPhase;
			buildActionMask = 2147483647;
			files = (
			);
			runOnlyForDeploymentPostprocessing = 0;
		};
/* End PBXResourcesBuildPhase section */

/* Begin PBXShellScriptBuildPhase section */
		6E53C2E79EAECFBB3971DE27 /* [CP] Check Pods Manifest.lock */ = {
			isa = PBXShellScriptBuildPhase;
			buildActionMask = 2147483647;
			files = (
			);
			inputFileListPaths = (
			);
			inputPaths = (
				"${PODS_PODFILE_DIR_PATH}/Podfile.lock",
				"${PODS_ROOT}/Manifest.lock",
			);
			name = "[CP] Check Pods Manifest.lock";
			outputFileListPaths = (
			);
			outputPaths = (
				"$(DERIVED_FILE_DIR)/Pods-PhotoCollection-checkManifestLockResult.txt",
			);
			runOnlyForDeploymentPostprocessing = 0;
			shellPath = /bin/sh;
			shellScript = "diff \"${PODS_PODFILE_DIR_PATH}/Podfile.lock\" \"${PODS_ROOT}/Manifest.lock\" > /dev/null\nif [ $? != 0 ] ; then\n    # print error to STDERR\n    echo \"error: The sandbox is not in sync with the Podfile.lock. Run 'pod install' or update your CocoaPods installation.\" >&2\n    exit 1\nfi\n# This output is used by Xcode 'outputs' to avoid re-running this script phase.\necho \"SUCCESS\" > \"${SCRIPT_OUTPUT_FILE_0}\"\n";
			showEnvVarsInLog = 0;
		};
		83EBAE216BE0615F8E666E38 /* [CP] Check Pods Manifest.lock */ = {
			isa = PBXShellScriptBuildPhase;
			buildActionMask = 2147483647;
			files = (
			);
			inputFileListPaths = (
			);
			inputPaths = (
				"${PODS_PODFILE_DIR_PATH}/Podfile.lock",
				"${PODS_ROOT}/Manifest.lock",
			);
			name = "[CP] Check Pods Manifest.lock";
			outputFileListPaths = (
			);
			outputPaths = (
				"$(DERIVED_FILE_DIR)/Pods-PhotoCollectionTests-checkManifestLockResult.txt",
			);
			runOnlyForDeploymentPostprocessing = 0;
			shellPath = /bin/sh;
			shellScript = "diff \"${PODS_PODFILE_DIR_PATH}/Podfile.lock\" \"${PODS_ROOT}/Manifest.lock\" > /dev/null\nif [ $? != 0 ] ; then\n    # print error to STDERR\n    echo \"error: The sandbox is not in sync with the Podfile.lock. Run 'pod install' or update your CocoaPods installation.\" >&2\n    exit 1\nfi\n# This output is used by Xcode 'outputs' to avoid re-running this script phase.\necho \"SUCCESS\" > \"${SCRIPT_OUTPUT_FILE_0}\"\n";
			showEnvVarsInLog = 0;
		};
		8B235473F4044D48412D00C7 /* [CP] Embed Pods Frameworks */ = {
			isa = PBXShellScriptBuildPhase;
			buildActionMask = 2147483647;
			files = (
			);
			inputFileListPaths = (
				"${PODS_ROOT}/Target Support Files/Pods-PhotoCollection/Pods-PhotoCollection-frameworks-${CONFIGURATION}-input-files.xcfilelist",
			);
			name = "[CP] Embed Pods Frameworks";
			outputFileListPaths = (
				"${PODS_ROOT}/Target Support Files/Pods-PhotoCollection/Pods-PhotoCollection-frameworks-${CONFIGURATION}-output-files.xcfilelist",
			);
			runOnlyForDeploymentPostprocessing = 0;
			shellPath = /bin/sh;
			shellScript = "\"${PODS_ROOT}/Target Support Files/Pods-PhotoCollection/Pods-PhotoCollection-frameworks.sh\"\n";
			showEnvVarsInLog = 0;
		};
/* End PBXShellScriptBuildPhase section */

/* Begin PBXSourcesBuildPhase section */
		C2C4675524BD995A001C6778 /* Sources */ = {
			isa = PBXSourcesBuildPhase;
			buildActionMask = 2147483647;
			files = (
				C20D382A24BE6417007B38EB /* CacheURLResponse+Decodable.swift in Sources */,
				C20D381424BDF6EA007B38EB /* URLCacheable.swift in Sources */,
				C20D382324BE54C5007B38EB /* APIServiceError.swift in Sources */,
				C20D381024BDDF60007B38EB /* RequestURLCache.swift in Sources */,
				C2C4676124BD995A001C6778 /* PhotoListViewController.swift in Sources */,
				C20D380B24BDB2EC007B38EB /* Requestable.swift in Sources */,
				C20D381924BE4355007B38EB /* Photo.swift in Sources */,
				C20D381B24BE4952007B38EB /* APIResponse.swift in Sources */,
				C20D380724BDB12F007B38EB /* APIService.swift in Sources */,
				C20D382F24BEC0F0007B38EB /* PhotoViewModel.swift in Sources */,
				C20D381624BE4268007B38EB /* PhotoListRepository.swift in Sources */,
				C20D380D24BDB359007B38EB /* APIServiceInterface.swift in Sources */,
				C20D382624BE55C6007B38EB /* URLRequest+RequestMethod.swift in Sources */,
				C2C4675D24BD995A001C6778 /* AppDelegate.swift in Sources */,
				C20D381F24BE5281007B38EB /* RequestEncoding.swift in Sources */,
				C20D382124BE5485007B38EB /* URLFormable.swift in Sources */,
				C20D382824BE58C5007B38EB /* APIEndpoint.swift in Sources */,
				C20D382D24BEBECE007B38EB /* PhotoListViewModel.swift in Sources */,
				C20D381224BDF6CD007B38EB /* DiskURLCache.swift in Sources */,
				C20D381D24BE5156007B38EB /* Request.swift in Sources */,
			);
			runOnlyForDeploymentPostprocessing = 0;
		};
		C2C4676B24BD995C001C6778 /* Sources */ = {
			isa = PBXSourcesBuildPhase;
			buildActionMask = 2147483647;
			files = (
				C2C4677424BD995C001C6778 /* PhotoCollectionTests.swift in Sources */,
			);
			runOnlyForDeploymentPostprocessing = 0;
		};
/* End PBXSourcesBuildPhase section */

/* Begin PBXTargetDependency section */
		C2C4677124BD995C001C6778 /* PBXTargetDependency */ = {
			isa = PBXTargetDependency;
			target = C2C4675824BD995A001C6778 /* PhotoCollection */;
			targetProxy = C2C4677024BD995C001C6778 /* PBXContainerItemProxy */;
		};
/* End PBXTargetDependency section */

/* Begin PBXVariantGroup section */
		C2C4676224BD995A001C6778 /* Main.storyboard */ = {
			isa = PBXVariantGroup;
			children = (
				C2C4676324BD995A001C6778 /* Base */,
			);
			name = Main.storyboard;
			sourceTree = "<group>";
		};
		C2C4676724BD995B001C6778 /* LaunchScreen.storyboard */ = {
			isa = PBXVariantGroup;
			children = (
				C2C4676824BD995B001C6778 /* Base */,
			);
			name = LaunchScreen.storyboard;
			sourceTree = "<group>";
		};
/* End PBXVariantGroup section */

/* Begin XCBuildConfiguration section */
		C2C4677624BD995C001C6778 /* Debug */ = {
			isa = XCBuildConfiguration;
			buildSettings = {
				ALWAYS_SEARCH_USER_PATHS = NO;
				CLANG_ANALYZER_NONNULL = YES;
				CLANG_ANALYZER_NUMBER_OBJECT_CONVERSION = YES_AGGRESSIVE;
				CLANG_CXX_LANGUAGE_STANDARD = "gnu++14";
				CLANG_CXX_LIBRARY = "libc++";
				CLANG_ENABLE_MODULES = YES;
				CLANG_ENABLE_OBJC_ARC = YES;
				CLANG_ENABLE_OBJC_WEAK = YES;
				CLANG_WARN_BLOCK_CAPTURE_AUTORELEASING = YES;
				CLANG_WARN_BOOL_CONVERSION = YES;
				CLANG_WARN_COMMA = YES;
				CLANG_WARN_CONSTANT_CONVERSION = YES;
				CLANG_WARN_DEPRECATED_OBJC_IMPLEMENTATIONS = YES;
				CLANG_WARN_DIRECT_OBJC_ISA_USAGE = YES_ERROR;
				CLANG_WARN_DOCUMENTATION_COMMENTS = YES;
				CLANG_WARN_EMPTY_BODY = YES;
				CLANG_WARN_ENUM_CONVERSION = YES;
				CLANG_WARN_INFINITE_RECURSION = YES;
				CLANG_WARN_INT_CONVERSION = YES;
				CLANG_WARN_NON_LITERAL_NULL_CONVERSION = YES;
				CLANG_WARN_OBJC_IMPLICIT_RETAIN_SELF = YES;
				CLANG_WARN_OBJC_LITERAL_CONVERSION = YES;
				CLANG_WARN_OBJC_ROOT_CLASS = YES_ERROR;
				CLANG_WARN_RANGE_LOOP_ANALYSIS = YES;
				CLANG_WARN_STRICT_PROTOTYPES = YES;
				CLANG_WARN_SUSPICIOUS_MOVE = YES;
				CLANG_WARN_UNGUARDED_AVAILABILITY = YES_AGGRESSIVE;
				CLANG_WARN_UNREACHABLE_CODE = YES;
				CLANG_WARN__DUPLICATE_METHOD_MATCH = YES;
				COPY_PHASE_STRIP = NO;
				DEBUG_INFORMATION_FORMAT = dwarf;
				ENABLE_STRICT_OBJC_MSGSEND = YES;
				ENABLE_TESTABILITY = YES;
				GCC_C_LANGUAGE_STANDARD = gnu11;
				GCC_DYNAMIC_NO_PIC = NO;
				GCC_NO_COMMON_BLOCKS = YES;
				GCC_OPTIMIZATION_LEVEL = 0;
				GCC_PREPROCESSOR_DEFINITIONS = (
					"DEBUG=1",
					"$(inherited)",
				);
				GCC_WARN_64_TO_32_BIT_CONVERSION = YES;
				GCC_WARN_ABOUT_RETURN_TYPE = YES_ERROR;
				GCC_WARN_UNDECLARED_SELECTOR = YES;
				GCC_WARN_UNINITIALIZED_AUTOS = YES_AGGRESSIVE;
				GCC_WARN_UNUSED_FUNCTION = YES;
				GCC_WARN_UNUSED_VARIABLE = YES;
				IPHONEOS_DEPLOYMENT_TARGET = 11.0;
				MTL_ENABLE_DEBUG_INFO = INCLUDE_SOURCE;
				MTL_FAST_MATH = YES;
				ONLY_ACTIVE_ARCH = YES;
				SDKROOT = iphoneos;
				SWIFT_ACTIVE_COMPILATION_CONDITIONS = DEBUG;
				SWIFT_OPTIMIZATION_LEVEL = "-Onone";
			};
			name = Debug;
		};
		C2C4677724BD995C001C6778 /* Release */ = {
			isa = XCBuildConfiguration;
			buildSettings = {
				ALWAYS_SEARCH_USER_PATHS = NO;
				CLANG_ANALYZER_NONNULL = YES;
				CLANG_ANALYZER_NUMBER_OBJECT_CONVERSION = YES_AGGRESSIVE;
				CLANG_CXX_LANGUAGE_STANDARD = "gnu++14";
				CLANG_CXX_LIBRARY = "libc++";
				CLANG_ENABLE_MODULES = YES;
				CLANG_ENABLE_OBJC_ARC = YES;
				CLANG_ENABLE_OBJC_WEAK = YES;
				CLANG_WARN_BLOCK_CAPTURE_AUTORELEASING = YES;
				CLANG_WARN_BOOL_CONVERSION = YES;
				CLANG_WARN_COMMA = YES;
				CLANG_WARN_CONSTANT_CONVERSION = YES;
				CLANG_WARN_DEPRECATED_OBJC_IMPLEMENTATIONS = YES;
				CLANG_WARN_DIRECT_OBJC_ISA_USAGE = YES_ERROR;
				CLANG_WARN_DOCUMENTATION_COMMENTS = YES;
				CLANG_WARN_EMPTY_BODY = YES;
				CLANG_WARN_ENUM_CONVERSION = YES;
				CLANG_WARN_INFINITE_RECURSION = YES;
				CLANG_WARN_INT_CONVERSION = YES;
				CLANG_WARN_NON_LITERAL_NULL_CONVERSION = YES;
				CLANG_WARN_OBJC_IMPLICIT_RETAIN_SELF = YES;
				CLANG_WARN_OBJC_LITERAL_CONVERSION = YES;
				CLANG_WARN_OBJC_ROOT_CLASS = YES_ERROR;
				CLANG_WARN_RANGE_LOOP_ANALYSIS = YES;
				CLANG_WARN_STRICT_PROTOTYPES = YES;
				CLANG_WARN_SUSPICIOUS_MOVE = YES;
				CLANG_WARN_UNGUARDED_AVAILABILITY = YES_AGGRESSIVE;
				CLANG_WARN_UNREACHABLE_CODE = YES;
				CLANG_WARN__DUPLICATE_METHOD_MATCH = YES;
				COPY_PHASE_STRIP = NO;
				DEBUG_INFORMATION_FORMAT = "dwarf-with-dsym";
				ENABLE_NS_ASSERTIONS = NO;
				ENABLE_STRICT_OBJC_MSGSEND = YES;
				GCC_C_LANGUAGE_STANDARD = gnu11;
				GCC_NO_COMMON_BLOCKS = YES;
				GCC_WARN_64_TO_32_BIT_CONVERSION = YES;
				GCC_WARN_ABOUT_RETURN_TYPE = YES_ERROR;
				GCC_WARN_UNDECLARED_SELECTOR = YES;
				GCC_WARN_UNINITIALIZED_AUTOS = YES_AGGRESSIVE;
				GCC_WARN_UNUSED_FUNCTION = YES;
				GCC_WARN_UNUSED_VARIABLE = YES;
				IPHONEOS_DEPLOYMENT_TARGET = 11.0;
				MTL_ENABLE_DEBUG_INFO = NO;
				MTL_FAST_MATH = YES;
				SDKROOT = iphoneos;
				SWIFT_COMPILATION_MODE = wholemodule;
				SWIFT_OPTIMIZATION_LEVEL = "-O";
				VALIDATE_PRODUCT = YES;
			};
			name = Release;
		};
		C2C4677924BD995C001C6778 /* Debug */ = {
			isa = XCBuildConfiguration;
			baseConfigurationReference = B8EEE45396393A0A2E78F5DD /* Pods-PhotoCollection.debug.xcconfig */;
			buildSettings = {
				ASSETCATALOG_COMPILER_APPICON_NAME = AppIcon;
				CODE_SIGN_STYLE = Automatic;
				INFOPLIST_FILE = PhotoCollection/Info.plist;
				IPHONEOS_DEPLOYMENT_TARGET = 11.0;
				LD_RUNPATH_SEARCH_PATHS = (
					"$(inherited)",
					"@executable_path/Frameworks",
				);
				PRODUCT_BUNDLE_IDENTIFIER = com.see5ive.PhotoCollection;
				PRODUCT_NAME = "$(TARGET_NAME)";
				SWIFT_VERSION = 5.0;
				TARGETED_DEVICE_FAMILY = "1,2";
			};
			name = Debug;
		};
		C2C4677A24BD995C001C6778 /* Release */ = {
			isa = XCBuildConfiguration;
			baseConfigurationReference = 3DED73A42FBF2B2096C312F9 /* Pods-PhotoCollection.release.xcconfig */;
			buildSettings = {
				ASSETCATALOG_COMPILER_APPICON_NAME = AppIcon;
				CODE_SIGN_STYLE = Automatic;
				INFOPLIST_FILE = PhotoCollection/Info.plist;
				IPHONEOS_DEPLOYMENT_TARGET = 11.0;
				LD_RUNPATH_SEARCH_PATHS = (
					"$(inherited)",
					"@executable_path/Frameworks",
				);
				PRODUCT_BUNDLE_IDENTIFIER = com.see5ive.PhotoCollection;
				PRODUCT_NAME = "$(TARGET_NAME)";
				SWIFT_VERSION = 5.0;
				TARGETED_DEVICE_FAMILY = "1,2";
			};
			name = Release;
		};
		C2C4677C24BD995C001C6778 /* Debug */ = {
			isa = XCBuildConfiguration;
			baseConfigurationReference = 00D1AE1746AC0DA21C87B9BD /* Pods-PhotoCollectionTests.debug.xcconfig */;
			buildSettings = {
				ALWAYS_EMBED_SWIFT_STANDARD_LIBRARIES = YES;
				BUNDLE_LOADER = "$(TEST_HOST)";
				CODE_SIGN_STYLE = Automatic;
				INFOPLIST_FILE = PhotoCollectionTests/Info.plist;
				IPHONEOS_DEPLOYMENT_TARGET = 13.2;
				LD_RUNPATH_SEARCH_PATHS = (
					"$(inherited)",
					"@executable_path/Frameworks",
					"@loader_path/Frameworks",
				);
				PRODUCT_BUNDLE_IDENTIFIER = com.see5ive.PhotoCollectionTests;
				PRODUCT_NAME = "$(TARGET_NAME)";
				SWIFT_VERSION = 5.0;
				TARGETED_DEVICE_FAMILY = "1,2";
				TEST_HOST = "$(BUILT_PRODUCTS_DIR)/PhotoCollection.app/PhotoCollection";
			};
			name = Debug;
		};
		C2C4677D24BD995C001C6778 /* Release */ = {
			isa = XCBuildConfiguration;
			baseConfigurationReference = C76C404E017D86C11D7D42D4 /* Pods-PhotoCollectionTests.release.xcconfig */;
			buildSettings = {
				ALWAYS_EMBED_SWIFT_STANDARD_LIBRARIES = YES;
				BUNDLE_LOADER = "$(TEST_HOST)";
				CODE_SIGN_STYLE = Automatic;
				INFOPLIST_FILE = PhotoCollectionTests/Info.plist;
				IPHONEOS_DEPLOYMENT_TARGET = 13.2;
				LD_RUNPATH_SEARCH_PATHS = (
					"$(inherited)",
					"@executable_path/Frameworks",
					"@loader_path/Frameworks",
				);
				PRODUCT_BUNDLE_IDENTIFIER = com.see5ive.PhotoCollectionTests;
				PRODUCT_NAME = "$(TARGET_NAME)";
				SWIFT_VERSION = 5.0;
				TARGETED_DEVICE_FAMILY = "1,2";
				TEST_HOST = "$(BUILT_PRODUCTS_DIR)/PhotoCollection.app/PhotoCollection";
			};
			name = Release;
		};
/* End XCBuildConfiguration section */

/* Begin XCConfigurationList section */
		C2C4675424BD995A001C6778 /* Build configuration list for PBXProject "PhotoCollection" */ = {
			isa = XCConfigurationList;
			buildConfigurations = (
				C2C4677624BD995C001C6778 /* Debug */,
				C2C4677724BD995C001C6778 /* Release */,
			);
			defaultConfigurationIsVisible = 0;
			defaultConfigurationName = Release;
		};
		C2C4677824BD995C001C6778 /* Build configuration list for PBXNativeTarget "PhotoCollection" */ = {
			isa = XCConfigurationList;
			buildConfigurations = (
				C2C4677924BD995C001C6778 /* Debug */,
				C2C4677A24BD995C001C6778 /* Release */,
			);
			defaultConfigurationIsVisible = 0;
			defaultConfigurationName = Release;
		};
		C2C4677B24BD995C001C6778 /* Build configuration list for PBXNativeTarget "PhotoCollectionTests" */ = {
			isa = XCConfigurationList;
			buildConfigurations = (
				C2C4677C24BD995C001C6778 /* Debug */,
				C2C4677D24BD995C001C6778 /* Release */,
			);
			defaultConfigurationIsVisible = 0;
			defaultConfigurationName = Release;
		};
/* End XCConfigurationList section */
	};
	rootObject = C2C4675124BD995A001C6778 /* Project object */;
}
